
Microsoft Visual Studio Solution File, Format Version 12.00
# Visual Studio Version 16
VisualStudioVersion = 16.0.29709.97
MinimumVisualStudioVersion = 10.0.40219.1
Project("{FAE04EC0-301F-11D3-BF4B-00C04F79EFBC}") = "ForumSPA.Server", "Server\ForumSPA.Server.csproj", "{16EA3D07-5C5F-4726-901C-7C6E8CA899B7}"
EndProject
Project("{FAE04EC0-301F-11D3-BF4B-00C04F79EFBC}") = "ForumSPA.Client", "Client\ForumSPA.Client.csproj", "{F35F3AC0-A8FB-4BAA-998C-D96C7A49D47B}"
EndProject
Project("{FAE04EC0-301F-11D3-BF4B-00C04F79EFBC}") = "ForumSPA.Shared", "Shared\ForumSPA.Shared.csproj", "{8949B859-3B9E-48C2-9DAD-4BF9161F8BCC}"
EndProject
Global
	GlobalSection(SolutionConfigurationPlatforms) = preSolution
		Debug|Any CPU = Debug|Any CPU
		Release|Any CPU = Release|Any CPU
	EndGlobalSection
	GlobalSection(ProjectConfigurationPlatforms) = postSolution
		{16EA3D07-5C5F-4726-901C-7C6E8CA899B7}.Debug|Any CPU.ActiveCfg = Debug|Any CPU
		{16EA3D07-5C5F-4726-901C-7C6E8CA899B7}.Debug|Any CPU.Build.0 = Debug|Any CPU
		{16EA3D07-5C5F-4726-901C-7C6E8CA899B7}.Release|Any CPU.ActiveCfg = Release|Any CPU
		{16EA3D07-5C5F-4726-901C-7C6E8CA899B7}.Release|Any CPU.Build.0 = Release|Any CPU
		{F35F3AC0-A8FB-4BAA-998C-D96C7A49D47B}.Debug|Any CPU.ActiveCfg = Debug|Any CPU
		{F35F3AC0-A8FB-4BAA-998C-D96C7A49D47B}.Debug|Any CPU.Build.0 = Debug|Any CPU
		{F35F3AC0-A8FB-4BAA-998C-D96C7A49D47B}.Release|Any CPU.ActiveCfg = Release|Any CPU
		{F35F3AC0-A8FB-4BAA-998C-D96C7A49D47B}.Release|Any CPU.Build.0 = Release|Any CPU
		{8949B859-3B9E-48C2-9DAD-4BF9161F8BCC}.Debug|Any CPU.ActiveCfg = Debug|Any CPU
		{8949B859-3B9E-48C2-9DAD-4BF9161F8BCC}.Debug|Any CPU.Build.0 = Debug|Any CPU
		{8949B859-3B9E-48C2-9DAD-4BF9161F8BCC}.Release|Any CPU.ActiveCfg = Release|Any CPU
		{8949B859-3B9E-48C2-9DAD-4BF9161F8BCC}.Release|Any CPU.Build.0 = Release|Any CPU
	EndGlobalSection
	GlobalSection(SolutionProperties) = preSolution
		HideSolutionNode = FALSE
	EndGlobalSection
	GlobalSection(ExtensibilityGlobals) = postSolution
		SolutionGuid = {04F9C15C-AECC-486A-B145-4F83AA905309}
	EndGlobalSection
EndGlobal
